// !$*UTF8*$!
{
	archiveVersion = 1;
	classes = {
	};
	objectVersion = 50;
	objects = {

/* Begin PBXBuildFile section */
		CD06C364265E79E400174C92 /* AppDelegate.swift in Sources */ = {isa = PBXBuildFile; fileRef = CD06C363265E79E400174C92 /* AppDelegate.swift */; };
		CD06C366265E79E400174C92 /* SceneDelegate.swift in Sources */ = {isa = PBXBuildFile; fileRef = CD06C365265E79E400174C92 /* SceneDelegate.swift */; };
		CD06C368265E79E400174C92 /* PostViewController.swift in Sources */ = {isa = PBXBuildFile; fileRef = CD06C367265E79E400174C92 /* PostViewController.swift */; };
		CD06C36B265E79E400174C92 /* Main.storyboard in Resources */ = {isa = PBXBuildFile; fileRef = CD06C369265E79E400174C92 /* Main.storyboard */; };
		CD06C36D265E79E400174C92 /* Assets.xcassets in Resources */ = {isa = PBXBuildFile; fileRef = CD06C36C265E79E400174C92 /* Assets.xcassets */; };
		CD06C370265E79E400174C92 /* LaunchScreen.storyboard in Resources */ = {isa = PBXBuildFile; fileRef = CD06C36E265E79E400174C92 /* LaunchScreen.storyboard */; };
		CD06C37C265E7E9E00174C92 /* AppCoordinator.swift in Sources */ = {isa = PBXBuildFile; fileRef = CD06C37B265E7E9E00174C92 /* AppCoordinator.swift */; };
		CD06C381265E7F2500174C92 /* Coordinator.swift in Sources */ = {isa = PBXBuildFile; fileRef = CD06C380265E7F2500174C92 /* Coordinator.swift */; };
		CD06C390265E813C00174C92 /* ResponseModels.swift in Sources */ = {isa = PBXBuildFile; fileRef = CD06C38F265E813C00174C92 /* ResponseModels.swift */; };
		CD06C394265E817200174C92 /* RequestCreator.swift in Sources */ = {isa = PBXBuildFile; fileRef = CD06C393265E817200174C92 /* RequestCreator.swift */; };
		CD06C3A0265E887800174C92 /* PostViewModel.swift in Sources */ = {isa = PBXBuildFile; fileRef = CD06C39F265E887800174C92 /* PostViewModel.swift */; };
		CD06C3A4265E904000174C92 /* PostsTableViewCell.swift in Sources */ = {isa = PBXBuildFile; fileRef = CD06C3A3265E904000174C92 /* PostsTableViewCell.swift */; };
		CD06C3A9265E94DC00174C92 /* Constants.swift in Sources */ = {isa = PBXBuildFile; fileRef = CD06C3A8265E94DC00174C92 /* Constants.swift */; };
		CD06C3AE265E98B800174C92 /* PostCoordinator.swift in Sources */ = {isa = PBXBuildFile; fileRef = CD06C3AD265E98B800174C92 /* PostCoordinator.swift */; };
		CD06C3B2265E9A3E00174C92 /* DetailViewController.swift in Sources */ = {isa = PBXBuildFile; fileRef = CD06C3B1265E9A3E00174C92 /* DetailViewController.swift */; };
		CD06C3B6265E9A5D00174C92 /* DetailCoordinator.swift in Sources */ = {isa = PBXBuildFile; fileRef = CD06C3B5265E9A5D00174C92 /* DetailCoordinator.swift */; };
		CD675F96265F6721009E74F8 /* Company.swift in Sources */ = {isa = PBXBuildFile; fileRef = CD675F8F265F6721009E74F8 /* Company.swift */; };
		CD675F97265F6721009E74F8 /* Address.swift in Sources */ = {isa = PBXBuildFile; fileRef = CD675F90265F6721009E74F8 /* Address.swift */; };
		CD675F98265F6721009E74F8 /* User.swift in Sources */ = {isa = PBXBuildFile; fileRef = CD675F91265F6721009E74F8 /* User.swift */; };
		CD675F99265F6721009E74F8 /* LocalDataManager.swift in Sources */ = {isa = PBXBuildFile; fileRef = CD675F93265F6721009E74F8 /* LocalDataManager.swift */; };
		CD675F9A265F6721009E74F8 /* Posts.xcdatamodeld in Sources */ = {isa = PBXBuildFile; fileRef = CD675F94265F6721009E74F8 /* Posts.xcdatamodeld */; };
		CD675F9E265F6F56009E74F8 /* UIViewController-Extension.swift in Sources */ = {isa = PBXBuildFile; fileRef = CD675F9D265F6F56009E74F8 /* UIViewController-Extension.swift */; };
		CD675FA2265FB83C009E74F8 /* DetailViewModel.swift in Sources */ = {isa = PBXBuildFile; fileRef = CD675FA1265FB83C009E74F8 /* DetailViewModel.swift */; };
/* End PBXBuildFile section */

/* Begin PBXFileReference section */
		CD06C360265E79E400174C92 /* Posts.app */ = {isa = PBXFileReference; explicitFileType = wrapper.application; includeInIndex = 0; path = Posts.app; sourceTree = BUILT_PRODUCTS_DIR; };
		CD06C363265E79E400174C92 /* AppDelegate.swift */ = {isa = PBXFileReference; lastKnownFileType = sourcecode.swift; path = AppDelegate.swift; sourceTree = "<group>"; };
		CD06C365265E79E400174C92 /* SceneDelegate.swift */ = {isa = PBXFileReference; lastKnownFileType = sourcecode.swift; path = SceneDelegate.swift; sourceTree = "<group>"; };
		CD06C367265E79E400174C92 /* PostViewController.swift */ = {isa = PBXFileReference; lastKnownFileType = sourcecode.swift; path = PostViewController.swift; sourceTree = "<group>"; };
		CD06C36A265E79E400174C92 /* Base */ = {isa = PBXFileReference; lastKnownFileType = file.storyboard; name = Base; path = Base.lproj/Main.storyboard; sourceTree = "<group>"; };
		CD06C36C265E79E400174C92 /* Assets.xcassets */ = {isa = PBXFileReference; lastKnownFileType = folder.assetcatalog; path = Assets.xcassets; sourceTree = "<group>"; };
		CD06C36F265E79E400174C92 /* Base */ = {isa = PBXFileReference; lastKnownFileType = file.storyboard; name = Base; path = Base.lproj/LaunchScreen.storyboard; sourceTree = "<group>"; };
		CD06C371265E79E400174C92 /* Info.plist */ = {isa = PBXFileReference; lastKnownFileType = text.plist.xml; path = Info.plist; sourceTree = "<group>"; };
		CD06C37B265E7E9E00174C92 /* AppCoordinator.swift */ = {isa = PBXFileReference; lastKnownFileType = sourcecode.swift; path = AppCoordinator.swift; sourceTree = "<group>"; };
		CD06C380265E7F2500174C92 /* Coordinator.swift */ = {isa = PBXFileReference; lastKnownFileType = sourcecode.swift; path = Coordinator.swift; sourceTree = "<group>"; };
		CD06C38F265E813C00174C92 /* ResponseModels.swift */ = {isa = PBXFileReference; lastKnownFileType = sourcecode.swift; path = ResponseModels.swift; sourceTree = "<group>"; };
		CD06C393265E817200174C92 /* RequestCreator.swift */ = {isa = PBXFileReference; lastKnownFileType = sourcecode.swift; path = RequestCreator.swift; sourceTree = "<group>"; };
		CD06C39F265E887800174C92 /* PostViewModel.swift */ = {isa = PBXFileReference; lastKnownFileType = sourcecode.swift; path = PostViewModel.swift; sourceTree = "<group>"; };
		CD06C3A3265E904000174C92 /* PostsTableViewCell.swift */ = {isa = PBXFileReference; lastKnownFileType = sourcecode.swift; path = PostsTableViewCell.swift; sourceTree = "<group>"; };
		CD06C3A8265E94DC00174C92 /* Constants.swift */ = {isa = PBXFileReference; lastKnownFileType = sourcecode.swift; path = Constants.swift; sourceTree = "<group>"; };
		CD06C3AD265E98B800174C92 /* PostCoordinator.swift */ = {isa = PBXFileReference; lastKnownFileType = sourcecode.swift; path = PostCoordinator.swift; sourceTree = "<group>"; };
		CD06C3B1265E9A3E00174C92 /* DetailViewController.swift */ = {isa = PBXFileReference; lastKnownFileType = sourcecode.swift; path = DetailViewController.swift; sourceTree = "<group>"; };
		CD06C3B5265E9A5D00174C92 /* DetailCoordinator.swift */ = {isa = PBXFileReference; lastKnownFileType = sourcecode.swift; path = DetailCoordinator.swift; sourceTree = "<group>"; };
		CD675F8F265F6721009E74F8 /* Company.swift */ = {isa = PBXFileReference; fileEncoding = 4; lastKnownFileType = sourcecode.swift; path = Company.swift; sourceTree = "<group>"; };
		CD675F90265F6721009E74F8 /* Address.swift */ = {isa = PBXFileReference; fileEncoding = 4; lastKnownFileType = sourcecode.swift; path = Address.swift; sourceTree = "<group>"; };
		CD675F91265F6721009E74F8 /* User.swift */ = {isa = PBXFileReference; fileEncoding = 4; lastKnownFileType = sourcecode.swift; path = User.swift; sourceTree = "<group>"; };
		CD675F93265F6721009E74F8 /* LocalDataManager.swift */ = {isa = PBXFileReference; fileEncoding = 4; lastKnownFileType = sourcecode.swift; path = LocalDataManager.swift; sourceTree = "<group>"; };
		CD675F95265F6721009E74F8 /* Posts.xcdatamodel */ = {isa = PBXFileReference; lastKnownFileType = wrapper.xcdatamodel; path = Posts.xcdatamodel; sourceTree = "<group>"; };
		CD675F9D265F6F56009E74F8 /* UIViewController-Extension.swift */ = {isa = PBXFileReference; lastKnownFileType = sourcecode.swift; path = "UIViewController-Extension.swift"; sourceTree = "<group>"; };
		CD675FA1265FB83C009E74F8 /* DetailViewModel.swift */ = {isa = PBXFileReference; lastKnownFileType = sourcecode.swift; path = DetailViewModel.swift; sourceTree = "<group>"; };
/* End PBXFileReference section */

/* Begin PBXFrameworksBuildPhase section */
		CD06C35D265E79E400174C92 /* Frameworks */ = {
			isa = PBXFrameworksBuildPhase;
			buildActionMask = 2147483647;
			files = (
			);
			runOnlyForDeploymentPostprocessing = 0;
		};
/* End PBXFrameworksBuildPhase section */

/* Begin PBXGroup section */
		CD06C357265E79E400174C92 = {
			isa = PBXGroup;
			children = (
				CD06C362265E79E400174C92 /* Posts */,
				CD06C361265E79E400174C92 /* Products */,
			);
			sourceTree = "<group>";
		};
		CD06C361265E79E400174C92 /* Products */ = {
			isa = PBXGroup;
			children = (
				CD06C360265E79E400174C92 /* Posts.app */,
			);
			name = Products;
			sourceTree = "<group>";
		};
		CD06C362265E79E400174C92 /* Posts */ = {
			isa = PBXGroup;
			children = (
				CD675F90265F6721009E74F8 /* Address.swift */,
				CD675F8F265F6721009E74F8 /* Company.swift */,
				CD675F92265F6721009E74F8 /* LocalDataManager */,
				CD675F94265F6721009E74F8 /* Posts.xcdatamodeld */,
				CD675F91265F6721009E74F8 /* User.swift */,
				CD06C3A7265E94CA00174C92 /* Common */,
				CD06C3A2265E901E00174C92 /* Cells */,
				CD06C38E265E812400174C92 /* Networking */,
				CD06C39E265E886000174C92 /* ViewModels */,
				CD06C3B0265E9A1500174C92 /* Detail */,
				CD06C385265E805C00174C92 /* Post */,
				CD06C37F265E7F1600174C92 /* Base */,
				CD06C37A265E7E7E00174C92 /* App  */,
				CD06C365265E79E400174C92 /* SceneDelegate.swift */,
				CD06C369265E79E400174C92 /* Main.storyboard */,
				CD06C36C265E79E400174C92 /* Assets.xcassets */,
				CD06C36E265E79E400174C92 /* LaunchScreen.storyboard */,
				CD06C371265E79E400174C92 /* Info.plist */,
			);
			path = Posts;
			sourceTree = "<group>";
		};
		CD06C37A265E7E7E00174C92 /* App  */ = {
			isa = PBXGroup;
			children = (
				CD06C363265E79E400174C92 /* AppDelegate.swift */,
				CD06C37B265E7E9E00174C92 /* AppCoordinator.swift */,
			);
			path = "App ";
			sourceTree = "<group>";
		};
		CD06C37F265E7F1600174C92 /* Base */ = {
			isa = PBXGroup;
			children = (
				CD06C380265E7F2500174C92 /* Coordinator.swift */,
			);
			path = Base;
			sourceTree = "<group>";
		};
		CD06C385265E805C00174C92 /* Post */ = {
			isa = PBXGroup;
			children = (
				CD06C367265E79E400174C92 /* PostViewController.swift */,
				CD06C3AD265E98B800174C92 /* PostCoordinator.swift */,
			);
			path = Post;
			sourceTree = "<group>";
		};
		CD06C38E265E812400174C92 /* Networking */ = {
			isa = PBXGroup;
			children = (
				CD06C38F265E813C00174C92 /* ResponseModels.swift */,
				CD06C393265E817200174C92 /* RequestCreator.swift */,
			);
			path = Networking;
			sourceTree = "<group>";
		};
		CD06C39E265E886000174C92 /* ViewModels */ = {
			isa = PBXGroup;
			children = (
				CD06C39F265E887800174C92 /* PostViewModel.swift */,
				CD675FA1265FB83C009E74F8 /* DetailViewModel.swift */,
			);
			path = ViewModels;
			sourceTree = "<group>";
		};
		CD06C3A2265E901E00174C92 /* Cells */ = {
			isa = PBXGroup;
			children = (
				CD06C3A3265E904000174C92 /* PostsTableViewCell.swift */,
			);
			path = Cells;
			sourceTree = "<group>";
		};
		CD06C3A7265E94CA00174C92 /* Common */ = {
			isa = PBXGroup;
			children = (
				CD675F9C265F6ED8009E74F8 /* Extensions */,
				CD06C3A8265E94DC00174C92 /* Constants.swift */,
			);
			path = Common;
			sourceTree = "<group>";
		};
		CD06C3B0265E9A1500174C92 /* Detail */ = {
			isa = PBXGroup;
			children = (
				CD06C3B1265E9A3E00174C92 /* DetailViewController.swift */,
				CD06C3B5265E9A5D00174C92 /* DetailCoordinator.swift */,
			);
			path = Detail;
			sourceTree = "<group>";
		};
		CD675F92265F6721009E74F8 /* LocalDataManager */ = {
			isa = PBXGroup;
			children = (
				CD675F93265F6721009E74F8 /* LocalDataManager.swift */,
			);
			path = LocalDataManager;
			sourceTree = "<group>";
		};
		CD675F9C265F6ED8009E74F8 /* Extensions */ = {
			isa = PBXGroup;
			children = (
				CD675F9D265F6F56009E74F8 /* UIViewController-Extension.swift */,
			);
			path = Extensions;
			sourceTree = "<group>";
		};
/* End PBXGroup section */

/* Begin PBXNativeTarget section */
		CD06C35F265E79E400174C92 /* Posts */ = {
			isa = PBXNativeTarget;
			buildConfigurationList = CD06C374265E79E400174C92 /* Build configuration list for PBXNativeTarget "Posts" */;
			buildPhases = (
				CD06C35C265E79E400174C92 /* Sources */,
				CD06C35D265E79E400174C92 /* Frameworks */,
				CD06C35E265E79E400174C92 /* Resources */,
			);
			buildRules = (
			);
			dependencies = (
			);
			name = Posts;
			productName = Posts;
			productReference = CD06C360265E79E400174C92 /* Posts.app */;
			productType = "com.apple.product-type.application";
		};
/* End PBXNativeTarget section */

/* Begin PBXProject section */
		CD06C358265E79E400174C92 /* Project object */ = {
			isa = PBXProject;
			attributes = {
				LastSwiftUpdateCheck = 1230;
				LastUpgradeCheck = 1230;
				TargetAttributes = {
					CD06C35F265E79E400174C92 = {
						CreatedOnToolsVersion = 12.3;
					};
				};
			};
			buildConfigurationList = CD06C35B265E79E400174C92 /* Build configuration list for PBXProject "Posts" */;
			compatibilityVersion = "Xcode 9.3";
			developmentRegion = en;
			hasScannedForEncodings = 0;
			knownRegions = (
				en,
				Base,
			);
			mainGroup = CD06C357265E79E400174C92;
			productRefGroup = CD06C361265E79E400174C92 /* Products */;
			projectDirPath = "";
			projectRoot = "";
			targets = (
				CD06C35F265E79E400174C92 /* Posts */,
			);
		};
/* End PBXProject section */

/* Begin PBXResourcesBuildPhase section */
		CD06C35E265E79E400174C92 /* Resources */ = {
			isa = PBXResourcesBuildPhase;
			buildActionMask = 2147483647;
			files = (
				CD06C370265E79E400174C92 /* LaunchScreen.storyboard in Resources */,
				CD06C36D265E79E400174C92 /* Assets.xcassets in Resources */,
				CD06C36B265E79E400174C92 /* Main.storyboard in Resources */,
			);
			runOnlyForDeploymentPostprocessing = 0;
		};
/* End PBXResourcesBuildPhase section */

/* Begin PBXSourcesBuildPhase section */
		CD06C35C265E79E400174C92 /* Sources */ = {
			isa = PBXSourcesBuildPhase;
			buildActionMask = 2147483647;
			files = (
				CD06C3B2265E9A3E00174C92 /* DetailViewController.swift in Sources */,
				CD675F9E265F6F56009E74F8 /* UIViewController-Extension.swift in Sources */,
				CD06C3A0265E887800174C92 /* PostViewModel.swift in Sources */,
				CD675FA2265FB83C009E74F8 /* DetailViewModel.swift in Sources */,
				CD06C3B6265E9A5D00174C92 /* DetailCoordinator.swift in Sources */,
				CD675F9A265F6721009E74F8 /* Posts.xcdatamodeld in Sources */,
				CD06C394265E817200174C92 /* RequestCreator.swift in Sources */,
				CD675F98265F6721009E74F8 /* User.swift in Sources */,
				CD06C37C265E7E9E00174C92 /* AppCoordinator.swift in Sources */,
				CD06C368265E79E400174C92 /* PostViewController.swift in Sources */,
				CD06C381265E7F2500174C92 /* Coordinator.swift in Sources */,
				CD06C3A9265E94DC00174C92 /* Constants.swift in Sources */,
				CD06C3AE265E98B800174C92 /* PostCoordinator.swift in Sources */,
				CD675F97265F6721009E74F8 /* Address.swift in Sources */,
				CD06C364265E79E400174C92 /* AppDelegate.swift in Sources */,
				CD06C3A4265E904000174C92 /* PostsTableViewCell.swift in Sources */,
				CD675F99265F6721009E74F8 /* LocalDataManager.swift in Sources */,
				CD675F96265F6721009E74F8 /* Company.swift in Sources */,
				CD06C366265E79E400174C92 /* SceneDelegate.swift in Sources */,
				CD06C390265E813C00174C92 /* ResponseModels.swift in Sources */,
			);
			runOnlyForDeploymentPostprocessing = 0;
		};
/* End PBXSourcesBuildPhase section */

/* Begin PBXVariantGroup section */
		CD06C369265E79E400174C92 /* Main.storyboard */ = {
			isa = PBXVariantGroup;
			children = (
				CD06C36A265E79E400174C92 /* Base */,
			);
			name = Main.storyboard;
			sourceTree = "<group>";
		};
		CD06C36E265E79E400174C92 /* LaunchScreen.storyboard */ = {
			isa = PBXVariantGroup;
			children = (
				CD06C36F265E79E400174C92 /* Base */,
			);
			name = LaunchScreen.storyboard;
			sourceTree = "<group>";
		};
/* End PBXVariantGroup section */

/* Begin XCBuildConfiguration section */
		CD06C372265E79E400174C92 /* Debug */ = {
			isa = XCBuildConfiguration;
			buildSettings = {
				ALWAYS_SEARCH_USER_PATHS = NO;
				CLANG_ANALYZER_NONNULL = YES;
				CLANG_ANALYZER_NUMBER_OBJECT_CONVERSION = YES_AGGRESSIVE;
				CLANG_CXX_LANGUAGE_STANDARD = "gnu++14";
				CLANG_CXX_LIBRARY = "libc++";
				CLANG_ENABLE_MODULES = YES;
				CLANG_ENABLE_OBJC_ARC = YES;
				CLANG_ENABLE_OBJC_WEAK = YES;
				CLANG_WARN_BLOCK_CAPTURE_AUTORELEASING = YES;
				CLANG_WARN_BOOL_CONVERSION = YES;
				CLANG_WARN_COMMA = YES;
				CLANG_WARN_CONSTANT_CONVERSION = YES;
				CLANG_WARN_DEPRECATED_OBJC_IMPLEMENTATIONS = YES;
				CLANG_WARN_DIRECT_OBJC_ISA_USAGE = YES_ERROR;
				CLANG_WARN_DOCUMENTATION_COMMENTS = YES;
				CLANG_WARN_EMPTY_BODY = YES;
				CLANG_WARN_ENUM_CONVERSION = YES;
				CLANG_WARN_INFINITE_RECURSION = YES;
				CLANG_WARN_INT_CONVERSION = YES;
				CLANG_WARN_NON_LITERAL_NULL_CONVERSION = YES;
				CLANG_WARN_OBJC_IMPLICIT_RETAIN_SELF = YES;
				CLANG_WARN_OBJC_LITERAL_CONVERSION = YES;
				CLANG_WARN_OBJC_ROOT_CLASS = YES_ERROR;
				CLANG_WARN_QUOTED_INCLUDE_IN_FRAMEWORK_HEADER = YES;
				CLANG_WARN_RANGE_LOOP_ANALYSIS = YES;
				CLANG_WARN_STRICT_PROTOTYPES = YES;
				CLANG_WARN_SUSPICIOUS_MOVE = YES;
				CLANG_WARN_UNGUARDED_AVAILABILITY = YES_AGGRESSIVE;
				CLANG_WARN_UNREACHABLE_CODE = YES;
				CLANG_WARN__DUPLICATE_METHOD_MATCH = YES;
				COPY_PHASE_STRIP = NO;
				DEBUG_INFORMATION_FORMAT = dwarf;
				ENABLE_STRICT_OBJC_MSGSEND = YES;
				ENABLE_TESTABILITY = YES;
				GCC_C_LANGUAGE_STANDARD = gnu11;
				GCC_DYNAMIC_NO_PIC = NO;
				GCC_NO_COMMON_BLOCKS = YES;
				GCC_OPTIMIZATION_LEVEL = 0;
				GCC_PREPROCESSOR_DEFINITIONS = (
					"DEBUG=1",
					"$(inherited)",
				);
				GCC_WARN_64_TO_32_BIT_CONVERSION = YES;
				GCC_WARN_ABOUT_RETURN_TYPE = YES_ERROR;
				GCC_WARN_UNDECLARED_SELECTOR = YES;
				GCC_WARN_UNINITIALIZED_AUTOS = YES_AGGRESSIVE;
				GCC_WARN_UNUSED_FUNCTION = YES;
				GCC_WARN_UNUSED_VARIABLE = YES;
				IPHONEOS_DEPLOYMENT_TARGET = 14.3;
				MTL_ENABLE_DEBUG_INFO = INCLUDE_SOURCE;
				MTL_FAST_MATH = YES;
				ONLY_ACTIVE_ARCH = YES;
				SDKROOT = iphoneos;
				SWIFT_ACTIVE_COMPILATION_CONDITIONS = DEBUG;
				SWIFT_OPTIMIZATION_LEVEL = "-Onone";
			};
			name = Debug;
		};
		CD06C373265E79E400174C92 /* Release */ = {
			isa = XCBuildConfiguration;
			buildSettings = {
				ALWAYS_SEARCH_USER_PATHS = NO;
				CLANG_ANALYZER_NONNULL = YES;
				CLANG_ANALYZER_NUMBER_OBJECT_CONVERSION = YES_AGGRESSIVE;
				CLANG_CXX_LANGUAGE_STANDARD = "gnu++14";
				CLANG_CXX_LIBRARY = "libc++";
				CLANG_ENABLE_MODULES = YES;
				CLANG_ENABLE_OBJC_ARC = YES;
				CLANG_ENABLE_OBJC_WEAK = YES;
				CLANG_WARN_BLOCK_CAPTURE_AUTORELEASING = YES;
				CLANG_WARN_BOOL_CONVERSION = YES;
				CLANG_WARN_COMMA = YES;
				CLANG_WARN_CONSTANT_CONVERSION = YES;
				CLANG_WARN_DEPRECATED_OBJC_IMPLEMENTATIONS = YES;
				CLANG_WARN_DIRECT_OBJC_ISA_USAGE = YES_ERROR;
				CLANG_WARN_DOCUMENTATION_COMMENTS = YES;
				CLANG_WARN_EMPTY_BODY = YES;
				CLANG_WARN_ENUM_CONVERSION = YES;
				CLANG_WARN_INFINITE_RECURSION = YES;
				CLANG_WARN_INT_CONVERSION = YES;
				CLANG_WARN_NON_LITERAL_NULL_CONVERSION = YES;
				CLANG_WARN_OBJC_IMPLICIT_RETAIN_SELF = YES;
				CLANG_WARN_OBJC_LITERAL_CONVERSION = YES;
				CLANG_WARN_OBJC_ROOT_CLASS = YES_ERROR;
				CLANG_WARN_QUOTED_INCLUDE_IN_FRAMEWORK_HEADER = YES;
				CLANG_WARN_RANGE_LOOP_ANALYSIS = YES;
				CLANG_WARN_STRICT_PROTOTYPES = YES;
				CLANG_WARN_SUSPICIOUS_MOVE = YES;
				CLANG_WARN_UNGUARDED_AVAILABILITY = YES_AGGRESSIVE;
				CLANG_WARN_UNREACHABLE_CODE = YES;
				CLANG_WARN__DUPLICATE_METHOD_MATCH = YES;
				COPY_PHASE_STRIP = NO;
				DEBUG_INFORMATION_FORMAT = "dwarf-with-dsym";
				ENABLE_NS_ASSERTIONS = NO;
				ENABLE_STRICT_OBJC_MSGSEND = YES;
				GCC_C_LANGUAGE_STANDARD = gnu11;
				GCC_NO_COMMON_BLOCKS = YES;
				GCC_WARN_64_TO_32_BIT_CONVERSION = YES;
				GCC_WARN_ABOUT_RETURN_TYPE = YES_ERROR;
				GCC_WARN_UNDECLARED_SELECTOR = YES;
				GCC_WARN_UNINITIALIZED_AUTOS = YES_AGGRESSIVE;
				GCC_WARN_UNUSED_FUNCTION = YES;
				GCC_WARN_UNUSED_VARIABLE = YES;
				IPHONEOS_DEPLOYMENT_TARGET = 14.3;
				MTL_ENABLE_DEBUG_INFO = NO;
				MTL_FAST_MATH = YES;
				SDKROOT = iphoneos;
				SWIFT_COMPILATION_MODE = wholemodule;
				SWIFT_OPTIMIZATION_LEVEL = "-O";
				VALIDATE_PRODUCT = YES;
			};
			name = Release;
		};
		CD06C375265E79E400174C92 /* Debug */ = {
			isa = XCBuildConfiguration;
			buildSettings = {
				ASSETCATALOG_COMPILER_APPICON_NAME = AppIcon;
				ASSETCATALOG_COMPILER_GLOBAL_ACCENT_COLOR_NAME = AccentColor;
				CODE_SIGN_STYLE = Automatic;
				DEVELOPMENT_TEAM = AQ8KHZWB25;
				INFOPLIST_FILE = Posts/Info.plist;
				LD_RUNPATH_SEARCH_PATHS = (
					"$(inherited)",
					"@executable_path/Frameworks",
				);
				PRODUCT_BUNDLE_IDENTIFIER = com.dynamic.apptesting.Posts;
				PRODUCT_NAME = "$(TARGET_NAME)";
				SWIFT_VERSION = 5.0;
				TARGETED_DEVICE_FAMILY = "1,2";
			};
			name = Debug;
		};
		CD06C376265E79E400174C92 /* Release */ = {
			isa = XCBuildConfiguration;
			buildSettings = {
				ASSETCATALOG_COMPILER_APPICON_NAME = AppIcon;
				ASSETCATALOG_COMPILER_GLOBAL_ACCENT_COLOR_NAME = AccentColor;
				CODE_SIGN_STYLE = Automatic;
				DEVELOPMENT_TEAM = AQ8KHZWB25;
				INFOPLIST_FILE = Posts/Info.plist;
				LD_RUNPATH_SEARCH_PATHS = (
					"$(inherited)",
					"@executable_path/Frameworks",
				);
				PRODUCT_BUNDLE_IDENTIFIER = com.dynamic.apptesting.Posts;
				PRODUCT_NAME = "$(TARGET_NAME)";
				SWIFT_VERSION = 5.0;
				TARGETED_DEVICE_FAMILY = "1,2";
			};
			name = Release;
		};
/* End XCBuildConfiguration section */

/* Begin XCConfigurationList section */
		CD06C35B265E79E400174C92 /* Build configuration list for PBXProject "Posts" */ = {
			isa = XCConfigurationList;
			buildConfigurations = (
				CD06C372265E79E400174C92 /* Debug */,
				CD06C373265E79E400174C92 /* Release */,
			);
			defaultConfigurationIsVisible = 0;
			defaultConfigurationName = Release;
		};
		CD06C374265E79E400174C92 /* Build configuration list for PBXNativeTarget "Posts" */ = {
			isa = XCConfigurationList;
			buildConfigurations = (
				CD06C375265E79E400174C92 /* Debug */,
				CD06C376265E79E400174C92 /* Release */,
			);
			defaultConfigurationIsVisible = 0;
			defaultConfigurationName = Release;
		};
/* End XCConfigurationList section */

/* Begin XCVersionGroup section */
		CD675F94265F6721009E74F8 /* Posts.xcdatamodeld */ = {
			isa = XCVersionGroup;
			children = (
				CD675F95265F6721009E74F8 /* Posts.xcdatamodel */,
			);
			currentVersion = CD675F95265F6721009E74F8 /* Posts.xcdatamodel */;
			path = Posts.xcdatamodeld;
			sourceTree = "<group>";
			versionGroupType = wrapper.xcdatamodel;
		};
/* End XCVersionGroup section */
	};
	rootObject = CD06C358265E79E400174C92 /* Project object */;
}
